
Microsoft Visual Studio Solution File, Format Version 12.00
# Visual Studio Version 17
VisualStudioVersion = 17.6.33829.357
MinimumVisualStudioVersion = 10.0.40219.1
Project("{9A19103F-16F7-4668-BE54-9A1E7A4F7556}") = "FastCreditCodingChallange", "FastCreditCodingChallange\FastCreditCodingChallange.csproj", "{4786A8C8-CFBA-4F87-AA9C-E880CA1C1E93}"
EndProject
Project("{9A19103F-16F7-4668-BE54-9A1E7A4F7556}") = "FastCreditWebApp", "FastCreditWebApp\FastCreditWebApp.csproj", "{47EC773D-0E93-442D-8297-D0AE92F41EBA}"
EndProject
Global
	GlobalSection(SolutionConfigurationPlatforms) = preSolution
		Debug|Any CPU = Debug|Any CPU
		Release|Any CPU = Release|Any CPU
	EndGlobalSection
	GlobalSection(ProjectConfigurationPlatforms) = postSolution
		{4786A8C8-CFBA-4F87-AA9C-E880CA1C1E93}.Debug|Any CPU.ActiveCfg = Debug|Any CPU
		{4786A8C8-CFBA-4F87-AA9C-E880CA1C1E93}.Debug|Any CPU.Build.0 = Debug|Any CPU
		{4786A8C8-CFBA-4F87-AA9C-E880CA1C1E93}.Release|Any CPU.ActiveCfg = Release|Any CPU
		{4786A8C8-CFBA-4F87-AA9C-E880CA1C1E93}.Release|Any CPU.Build.0 = Release|Any CPU
		{47EC773D-0E93-442D-8297-D0AE92F41EBA}.Debug|Any CPU.ActiveCfg = Debug|Any CPU
		{47EC773D-0E93-442D-8297-D0AE92F41EBA}.Debug|Any CPU.Build.0 = Debug|Any CPU
		{47EC773D-0E93-442D-8297-D0AE92F41EBA}.Release|Any CPU.ActiveCfg = Release|Any CPU
		{47EC773D-0E93-442D-8297-D0AE92F41EBA}.Release|Any CPU.Build.0 = Release|Any CPU
	EndGlobalSection
	GlobalSection(SolutionProperties) = preSolution
		HideSolutionNode = FALSE
	EndGlobalSection
	GlobalSection(ExtensibilityGlobals) = postSolution
		SolutionGuid = {E181E899-F4A9-472D-995F-3CAFB50FC042}
	EndGlobalSection
EndGlobal
